// !$*UTF8*$!
{
	archiveVersion = 1;
	classes = {
	};
	objectVersion = 46;
	objects = {

/* Begin PBXBuildFile section */
		B82A8EDD1C959330002F86F1 /* APIManager.swift in Sources */ = {isa = PBXBuildFile; fileRef = B82A8EDC1C959330002F86F1 /* APIManager.swift */; };
		B82A8EE01C95D3BF002F86F1 /* Constants.swift in Sources */ = {isa = PBXBuildFile; fileRef = B82A8EDF1C95D3BF002F86F1 /* Constants.swift */; };
		B82A8EE21C95D4DB002F86F1 /* MusicVideo.swift in Sources */ = {isa = PBXBuildFile; fileRef = B82A8EE11C95D4DB002F86F1 /* MusicVideo.swift */; };
		B82A8EE71C96431E002F86F1 /* Reachability.m in Sources */ = {isa = PBXBuildFile; fileRef = B82A8EE61C96431E002F86F1 /* Reachability.m */; };
		B86167351C8CBE3B00FCFA6A /* AppDelegate.swift in Sources */ = {isa = PBXBuildFile; fileRef = B86167341C8CBE3B00FCFA6A /* AppDelegate.swift */; };
		B86167371C8CBE3B00FCFA6A /* ViewController.swift in Sources */ = {isa = PBXBuildFile; fileRef = B86167361C8CBE3B00FCFA6A /* ViewController.swift */; };
		B861673A1C8CBE3B00FCFA6A /* Main.storyboard in Resources */ = {isa = PBXBuildFile; fileRef = B86167381C8CBE3B00FCFA6A /* Main.storyboard */; };
		B861673C1C8CBE3B00FCFA6A /* Assets.xcassets in Resources */ = {isa = PBXBuildFile; fileRef = B861673B1C8CBE3B00FCFA6A /* Assets.xcassets */; };
		B861673F1C8CBE3B00FCFA6A /* LaunchScreen.storyboard in Resources */ = {isa = PBXBuildFile; fileRef = B861673D1C8CBE3B00FCFA6A /* LaunchScreen.storyboard */; };
		B861674A1C8CBE3B00FCFA6A /* MusicVideoTests.swift in Sources */ = {isa = PBXBuildFile; fileRef = B86167491C8CBE3B00FCFA6A /* MusicVideoTests.swift */; };
		B86167551C8CBE3B00FCFA6A /* MusicVideoUITests.swift in Sources */ = {isa = PBXBuildFile; fileRef = B86167541C8CBE3B00FCFA6A /* MusicVideoUITests.swift */; };
		B87D2DD71C9735B600C9F251 /* MusicVideoTVC.swift in Sources */ = {isa = PBXBuildFile; fileRef = B87D2DD61C9735B600C9F251 /* MusicVideoTVC.swift */; };
		B87D2DD91C98693F00C9F251 /* MusicVideoTableViewCell.swift in Sources */ = {isa = PBXBuildFile; fileRef = B87D2DD81C98693F00C9F251 /* MusicVideoTableViewCell.swift */; };
		B87D2DDB1C99AD6300C9F251 /* MusicVideoDetailVC.swift in Sources */ = {isa = PBXBuildFile; fileRef = B87D2DDA1C99AD6300C9F251 /* MusicVideoDetailVC.swift */; };
		B87D2DDF1C99D55B00C9F251 /* SettingsTVC.swift in Sources */ = {isa = PBXBuildFile; fileRef = B87D2DDE1C99D55B00C9F251 /* SettingsTVC.swift */; };
		B87D2DE11C9C522200C9F251 /* AboutVC.swift in Sources */ = {isa = PBXBuildFile; fileRef = B87D2DE01C9C522200C9F251 /* AboutVC.swift */; };
/* End PBXBuildFile section */

/* Begin PBXContainerItemProxy section */
		B86167461C8CBE3B00FCFA6A /* PBXContainerItemProxy */ = {
			isa = PBXContainerItemProxy;
			containerPortal = B86167291C8CBE3B00FCFA6A /* Project object */;
			proxyType = 1;
			remoteGlobalIDString = B86167301C8CBE3B00FCFA6A;
			remoteInfo = MusicVideo;
		};
		B86167511C8CBE3B00FCFA6A /* PBXContainerItemProxy */ = {
			isa = PBXContainerItemProxy;
			containerPortal = B86167291C8CBE3B00FCFA6A /* Project object */;
			proxyType = 1;
			remoteGlobalIDString = B86167301C8CBE3B00FCFA6A;
			remoteInfo = MusicVideo;
		};
/* End PBXContainerItemProxy section */

/* Begin PBXFileReference section */
		B82A8EDC1C959330002F86F1 /* APIManager.swift */ = {isa = PBXFileReference; fileEncoding = 4; lastKnownFileType = sourcecode.swift; path = APIManager.swift; sourceTree = "<group>"; };
		B82A8EDF1C95D3BF002F86F1 /* Constants.swift */ = {isa = PBXFileReference; fileEncoding = 4; lastKnownFileType = sourcecode.swift; path = Constants.swift; sourceTree = "<group>"; };
		B82A8EE11C95D4DB002F86F1 /* MusicVideo.swift */ = {isa = PBXFileReference; fileEncoding = 4; lastKnownFileType = sourcecode.swift; path = MusicVideo.swift; sourceTree = "<group>"; };
		B82A8EE41C96431D002F86F1 /* MusicVideo-Bridging-Header.h */ = {isa = PBXFileReference; lastKnownFileType = sourcecode.c.h; path = "MusicVideo-Bridging-Header.h"; sourceTree = "<group>"; };
		B82A8EE51C96431E002F86F1 /* Reachability.h */ = {isa = PBXFileReference; fileEncoding = 4; lastKnownFileType = sourcecode.c.h; path = Reachability.h; sourceTree = "<group>"; };
		B82A8EE61C96431E002F86F1 /* Reachability.m */ = {isa = PBXFileReference; fileEncoding = 4; lastKnownFileType = sourcecode.c.objc; path = Reachability.m; sourceTree = "<group>"; };
		B86167311C8CBE3B00FCFA6A /* MusicVideo.app */ = {isa = PBXFileReference; explicitFileType = wrapper.application; includeInIndex = 0; path = MusicVideo.app; sourceTree = BUILT_PRODUCTS_DIR; };
		B86167341C8CBE3B00FCFA6A /* AppDelegate.swift */ = {isa = PBXFileReference; lastKnownFileType = sourcecode.swift; path = AppDelegate.swift; sourceTree = "<group>"; };
		B86167361C8CBE3B00FCFA6A /* ViewController.swift */ = {isa = PBXFileReference; lastKnownFileType = sourcecode.swift; path = ViewController.swift; sourceTree = "<group>"; };
		B86167391C8CBE3B00FCFA6A /* Base */ = {isa = PBXFileReference; lastKnownFileType = file.storyboard; name = Base; path = Base.lproj/Main.storyboard; sourceTree = "<group>"; };
		B861673B1C8CBE3B00FCFA6A /* Assets.xcassets */ = {isa = PBXFileReference; lastKnownFileType = folder.assetcatalog; path = Assets.xcassets; sourceTree = "<group>"; };
		B861673E1C8CBE3B00FCFA6A /* Base */ = {isa = PBXFileReference; lastKnownFileType = file.storyboard; name = Base; path = Base.lproj/LaunchScreen.storyboard; sourceTree = "<group>"; };
		B86167401C8CBE3B00FCFA6A /* Info.plist */ = {isa = PBXFileReference; lastKnownFileType = text.plist.xml; path = Info.plist; sourceTree = "<group>"; };
		B86167451C8CBE3B00FCFA6A /* MusicVideoTests.xctest */ = {isa = PBXFileReference; explicitFileType = wrapper.cfbundle; includeInIndex = 0; path = MusicVideoTests.xctest; sourceTree = BUILT_PRODUCTS_DIR; };
		B86167491C8CBE3B00FCFA6A /* MusicVideoTests.swift */ = {isa = PBXFileReference; lastKnownFileType = sourcecode.swift; path = MusicVideoTests.swift; sourceTree = "<group>"; };
		B861674B1C8CBE3B00FCFA6A /* Info.plist */ = {isa = PBXFileReference; lastKnownFileType = text.plist.xml; path = Info.plist; sourceTree = "<group>"; };
		B86167501C8CBE3B00FCFA6A /* MusicVideoUITests.xctest */ = {isa = PBXFileReference; explicitFileType = wrapper.cfbundle; includeInIndex = 0; path = MusicVideoUITests.xctest; sourceTree = BUILT_PRODUCTS_DIR; };
		B86167541C8CBE3B00FCFA6A /* MusicVideoUITests.swift */ = {isa = PBXFileReference; lastKnownFileType = sourcecode.swift; path = MusicVideoUITests.swift; sourceTree = "<group>"; };
		B86167561C8CBE3B00FCFA6A /* Info.plist */ = {isa = PBXFileReference; lastKnownFileType = text.plist.xml; path = Info.plist; sourceTree = "<group>"; };
		B87D2DD61C9735B600C9F251 /* MusicVideoTVC.swift */ = {isa = PBXFileReference; fileEncoding = 4; lastKnownFileType = sourcecode.swift; path = MusicVideoTVC.swift; sourceTree = "<group>"; };
		B87D2DD81C98693F00C9F251 /* MusicVideoTableViewCell.swift */ = {isa = PBXFileReference; fileEncoding = 4; lastKnownFileType = sourcecode.swift; path = MusicVideoTableViewCell.swift; sourceTree = "<group>"; };
		B87D2DDA1C99AD6300C9F251 /* MusicVideoDetailVC.swift */ = {isa = PBXFileReference; fileEncoding = 4; lastKnownFileType = sourcecode.swift; path = MusicVideoDetailVC.swift; sourceTree = "<group>"; };
		B87D2DDE1C99D55B00C9F251 /* SettingsTVC.swift */ = {isa = PBXFileReference; fileEncoding = 4; lastKnownFileType = sourcecode.swift; path = SettingsTVC.swift; sourceTree = "<group>"; };
		B87D2DE01C9C522200C9F251 /* AboutVC.swift */ = {isa = PBXFileReference; fileEncoding = 4; lastKnownFileType = sourcecode.swift; path = AboutVC.swift; sourceTree = "<group>"; };
/* End PBXFileReference section */

/* Begin PBXFrameworksBuildPhase section */
		B861672E1C8CBE3B00FCFA6A /* Frameworks */ = {
			isa = PBXFrameworksBuildPhase;
			buildActionMask = 2147483647;
			files = (
			);
			runOnlyForDeploymentPostprocessing = 0;
		};
		B86167421C8CBE3B00FCFA6A /* Frameworks */ = {
			isa = PBXFrameworksBuildPhase;
			buildActionMask = 2147483647;
			files = (
			);
			runOnlyForDeploymentPostprocessing = 0;
		};
		B861674D1C8CBE3B00FCFA6A /* Frameworks */ = {
			isa = PBXFrameworksBuildPhase;
			buildActionMask = 2147483647;
			files = (
			);
			runOnlyForDeploymentPostprocessing = 0;
		};
/* End PBXFrameworksBuildPhase section */

/* Begin PBXGroup section */
		B82A8EDE1C95D3A8002F86F1 /* Utils */ = {
			isa = PBXGroup;
			children = (
				B82A8EDF1C95D3BF002F86F1 /* Constants.swift */,
			);
			name = Utils;
			sourceTree = "<group>";
		};
		B82A8EE31C96415D002F86F1 /* Obj-c */ = {
			isa = PBXGroup;
			children = (
				B82A8EE51C96431E002F86F1 /* Reachability.h */,
				B82A8EE61C96431E002F86F1 /* Reachability.m */,
				B82A8EE41C96431D002F86F1 /* MusicVideo-Bridging-Header.h */,
			);
			name = "Obj-c";
			sourceTree = "<group>";
		};
		B86167281C8CBE3B00FCFA6A = {
			isa = PBXGroup;
			children = (
				B86167331C8CBE3B00FCFA6A /* MusicVideo */,
				B86167481C8CBE3B00FCFA6A /* MusicVideoTests */,
				B86167531C8CBE3B00FCFA6A /* MusicVideoUITests */,
				B86167321C8CBE3B00FCFA6A /* Products */,
			);
			sourceTree = "<group>";
		};
		B86167321C8CBE3B00FCFA6A /* Products */ = {
			isa = PBXGroup;
			children = (
				B86167311C8CBE3B00FCFA6A /* MusicVideo.app */,
				B86167451C8CBE3B00FCFA6A /* MusicVideoTests.xctest */,
				B86167501C8CBE3B00FCFA6A /* MusicVideoUITests.xctest */,
			);
			name = Products;
			sourceTree = "<group>";
		};
		B86167331C8CBE3B00FCFA6A /* MusicVideo */ = {
			isa = PBXGroup;
			children = (
				B82A8EE31C96415D002F86F1 /* Obj-c */,
				B82A8EDE1C95D3A8002F86F1 /* Utils */,
				B86167651C8CEB4200FCFA6A /* Supporting Files */,
				B86167621C8CEAFE00FCFA6A /* Model */,
				B86167631C8CEB0800FCFA6A /* Controller */,
				B86167641C8CEB2F00FCFA6A /* View */,
			);
			path = MusicVideo;
			sourceTree = "<group>";
		};
		B86167481C8CBE3B00FCFA6A /* MusicVideoTests */ = {
			isa = PBXGroup;
			children = (
				B86167491C8CBE3B00FCFA6A /* MusicVideoTests.swift */,
				B861674B1C8CBE3B00FCFA6A /* Info.plist */,
			);
			path = MusicVideoTests;
			sourceTree = "<group>";
		};
		B86167531C8CBE3B00FCFA6A /* MusicVideoUITests */ = {
			isa = PBXGroup;
			children = (
				B86167541C8CBE3B00FCFA6A /* MusicVideoUITests.swift */,
				B86167561C8CBE3B00FCFA6A /* Info.plist */,
			);
			path = MusicVideoUITests;
			sourceTree = "<group>";
		};
		B86167621C8CEAFE00FCFA6A /* Model */ = {
			isa = PBXGroup;
			children = (
				B82A8EE11C95D4DB002F86F1 /* MusicVideo.swift */,
				B82A8EDC1C959330002F86F1 /* APIManager.swift */,
			);
			name = Model;
			sourceTree = "<group>";
		};
		B86167631C8CEB0800FCFA6A /* Controller */ = {
			isa = PBXGroup;
			children = (
				B86167361C8CBE3B00FCFA6A /* ViewController.swift */,
				B87D2DD61C9735B600C9F251 /* MusicVideoTVC.swift */,
				B87D2DD81C98693F00C9F251 /* MusicVideoTableViewCell.swift */,
				B87D2DDA1C99AD6300C9F251 /* MusicVideoDetailVC.swift */,
				B87D2DDE1C99D55B00C9F251 /* SettingsTVC.swift */,
				B87D2DE01C9C522200C9F251 /* AboutVC.swift */,
			);
			name = Controller;
			sourceTree = "<group>";
		};
		B86167641C8CEB2F00FCFA6A /* View */ = {
			isa = PBXGroup;
			children = (
				B861673D1C8CBE3B00FCFA6A /* LaunchScreen.storyboard */,
				B86167381C8CBE3B00FCFA6A /* Main.storyboard */,
			);
			name = View;
			sourceTree = "<group>";
		};
		B86167651C8CEB4200FCFA6A /* Supporting Files */ = {
			isa = PBXGroup;
			children = (
				B861673B1C8CBE3B00FCFA6A /* Assets.xcassets */,
				B86167341C8CBE3B00FCFA6A /* AppDelegate.swift */,
				B86167401C8CBE3B00FCFA6A /* Info.plist */,
			);
			name = "Supporting Files";
			sourceTree = "<group>";
		};
/* End PBXGroup section */

/* Begin PBXNativeTarget section */
		B86167301C8CBE3B00FCFA6A /* MusicVideo */ = {
			isa = PBXNativeTarget;
			buildConfigurationList = B86167591C8CBE3B00FCFA6A /* Build configuration list for PBXNativeTarget "MusicVideo" */;
			buildPhases = (
				B861672D1C8CBE3B00FCFA6A /* Sources */,
				B861672E1C8CBE3B00FCFA6A /* Frameworks */,
				B861672F1C8CBE3B00FCFA6A /* Resources */,
			);
			buildRules = (
			);
			dependencies = (
			);
			name = MusicVideo;
			productName = MusicVideo;
			productReference = B86167311C8CBE3B00FCFA6A /* MusicVideo.app */;
			productType = "com.apple.product-type.application";
		};
		B86167441C8CBE3B00FCFA6A /* MusicVideoTests */ = {
			isa = PBXNativeTarget;
			buildConfigurationList = B861675C1C8CBE3B00FCFA6A /* Build configuration list for PBXNativeTarget "MusicVideoTests" */;
			buildPhases = (
				B86167411C8CBE3B00FCFA6A /* Sources */,
				B86167421C8CBE3B00FCFA6A /* Frameworks */,
				B86167431C8CBE3B00FCFA6A /* Resources */,
			);
			buildRules = (
			);
			dependencies = (
				B86167471C8CBE3B00FCFA6A /* PBXTargetDependency */,
			);
			name = MusicVideoTests;
			productName = MusicVideoTests;
			productReference = B86167451C8CBE3B00FCFA6A /* MusicVideoTests.xctest */;
			productType = "com.apple.product-type.bundle.unit-test";
		};
		B861674F1C8CBE3B00FCFA6A /* MusicVideoUITests */ = {
			isa = PBXNativeTarget;
			buildConfigurationList = B861675F1C8CBE3B00FCFA6A /* Build configuration list for PBXNativeTarget "MusicVideoUITests" */;
			buildPhases = (
				B861674C1C8CBE3B00FCFA6A /* Sources */,
				B861674D1C8CBE3B00FCFA6A /* Frameworks */,
				B861674E1C8CBE3B00FCFA6A /* Resources */,
			);
			buildRules = (
			);
			dependencies = (
				B86167521C8CBE3B00FCFA6A /* PBXTargetDependency */,
			);
			name = MusicVideoUITests;
			productName = MusicVideoUITests;
			productReference = B86167501C8CBE3B00FCFA6A /* MusicVideoUITests.xctest */;
			productType = "com.apple.product-type.bundle.ui-testing";
		};
/* End PBXNativeTarget section */

/* Begin PBXProject section */
		B86167291C8CBE3B00FCFA6A /* Project object */ = {
			isa = PBXProject;
			attributes = {
				LastSwiftUpdateCheck = 0720;
				LastUpgradeCheck = 0720;
				ORGANIZATIONNAME = MPiquero;
				TargetAttributes = {
					B86167301C8CBE3B00FCFA6A = {
						CreatedOnToolsVersion = 7.2.1;
						DevelopmentTeam = J2RJ3399C3;
					};
					B86167441C8CBE3B00FCFA6A = {
						CreatedOnToolsVersion = 7.2.1;
						DevelopmentTeam = J2RJ3399C3;
						TestTargetID = B86167301C8CBE3B00FCFA6A;
					};
					B861674F1C8CBE3B00FCFA6A = {
						CreatedOnToolsVersion = 7.2.1;
						DevelopmentTeam = J2RJ3399C3;
						TestTargetID = B86167301C8CBE3B00FCFA6A;
					};
				};
			};
			buildConfigurationList = B861672C1C8CBE3B00FCFA6A /* Build configuration list for PBXProject "MusicVideo" */;
			compatibilityVersion = "Xcode 3.2";
			developmentRegion = English;
			hasScannedForEncodings = 0;
			knownRegions = (
				en,
				Base,
			);
			mainGroup = B86167281C8CBE3B00FCFA6A;
			productRefGroup = B86167321C8CBE3B00FCFA6A /* Products */;
			projectDirPath = "";
			projectRoot = "";
			targets = (
				B86167301C8CBE3B00FCFA6A /* MusicVideo */,
				B86167441C8CBE3B00FCFA6A /* MusicVideoTests */,
				B861674F1C8CBE3B00FCFA6A /* MusicVideoUITests */,
			);
		};
/* End PBXProject section */

/* Begin PBXResourcesBuildPhase section */
		B861672F1C8CBE3B00FCFA6A /* Resources */ = {
			isa = PBXResourcesBuildPhase;
			buildActionMask = 2147483647;
			files = (
				B861673F1C8CBE3B00FCFA6A /* LaunchScreen.storyboard in Resources */,
				B861673C1C8CBE3B00FCFA6A /* Assets.xcassets in Resources */,
				B861673A1C8CBE3B00FCFA6A /* Main.storyboard in Resources */,
			);
			runOnlyForDeploymentPostprocessing = 0;
		};
		B86167431C8CBE3B00FCFA6A /* Resources */ = {
			isa = PBXResourcesBuildPhase;
			buildActionMask = 2147483647;
			files = (
			);
			runOnlyForDeploymentPostprocessing = 0;
		};
		B861674E1C8CBE3B00FCFA6A /* Resources */ = {
			isa = PBXResourcesBuildPhase;
			buildActionMask = 2147483647;
			files = (
			);
			runOnlyForDeploymentPostprocessing = 0;
		};
/* End PBXResourcesBuildPhase section */

/* Begin PBXSourcesBuildPhase section */
		B861672D1C8CBE3B00FCFA6A /* Sources */ = {
			isa = PBXSourcesBuildPhase;
			buildActionMask = 2147483647;
			files = (
				B82A8EDD1C959330002F86F1 /* APIManager.swift in Sources */,
				B87D2DDB1C99AD6300C9F251 /* MusicVideoDetailVC.swift in Sources */,
				B86167371C8CBE3B00FCFA6A /* ViewController.swift in Sources */,
				B87D2DD71C9735B600C9F251 /* MusicVideoTVC.swift in Sources */,
				B87D2DD91C98693F00C9F251 /* MusicVideoTableViewCell.swift in Sources */,
				B82A8EE21C95D4DB002F86F1 /* MusicVideo.swift in Sources */,
				B86167351C8CBE3B00FCFA6A /* AppDelegate.swift in Sources */,
				B82A8EE71C96431E002F86F1 /* Reachability.m in Sources */,
				B87D2DDF1C99D55B00C9F251 /* SettingsTVC.swift in Sources */,
				B87D2DE11C9C522200C9F251 /* AboutVC.swift in Sources */,
				B82A8EE01C95D3BF002F86F1 /* Constants.swift in Sources */,
			);
			runOnlyForDeploymentPostprocessing = 0;
		};
		B86167411C8CBE3B00FCFA6A /* Sources */ = {
			isa = PBXSourcesBuildPhase;
			buildActionMask = 2147483647;
			files = (
				B861674A1C8CBE3B00FCFA6A /* MusicVideoTests.swift in Sources */,
			);
			runOnlyForDeploymentPostprocessing = 0;
		};
		B861674C1C8CBE3B00FCFA6A /* Sources */ = {
			isa = PBXSourcesBuildPhase;
			buildActionMask = 2147483647;
			files = (
				B86167551C8CBE3B00FCFA6A /* MusicVideoUITests.swift in Sources */,
			);
			runOnlyForDeploymentPostprocessing = 0;
		};
/* End PBXSourcesBuildPhase section */

/* Begin PBXTargetDependency section */
		B86167471C8CBE3B00FCFA6A /* PBXTargetDependency */ = {
			isa = PBXTargetDependency;
			target = B86167301C8CBE3B00FCFA6A /* MusicVideo */;
			targetProxy = B86167461C8CBE3B00FCFA6A /* PBXContainerItemProxy */;
		};
		B86167521C8CBE3B00FCFA6A /* PBXTargetDependency */ = {
			isa = PBXTargetDependency;
			target = B86167301C8CBE3B00FCFA6A /* MusicVideo */;
			targetProxy = B86167511C8CBE3B00FCFA6A /* PBXContainerItemProxy */;
		};
/* End PBXTargetDependency section */

/* Begin PBXVariantGroup section */
		B86167381C8CBE3B00FCFA6A /* Main.storyboard */ = {
			isa = PBXVariantGroup;
			children = (
				B86167391C8CBE3B00FCFA6A /* Base */,
			);
			name = Main.storyboard;
			sourceTree = "<group>";
		};
		B861673D1C8CBE3B00FCFA6A /* LaunchScreen.storyboard */ = {
			isa = PBXVariantGroup;
			children = (
				B861673E1C8CBE3B00FCFA6A /* Base */,
			);
			name = LaunchScreen.storyboard;
			sourceTree = "<group>";
		};
/* End PBXVariantGroup section */

/* Begin XCBuildConfiguration section */
		B86167571C8CBE3B00FCFA6A /* Debug */ = {
			isa = XCBuildConfiguration;
			buildSettings = {
				ALWAYS_SEARCH_USER_PATHS = NO;
				CLANG_CXX_LANGUAGE_STANDARD = "gnu++0x";
				CLANG_CXX_LIBRARY = "libc++";
				CLANG_ENABLE_MODULES = YES;
				CLANG_ENABLE_OBJC_ARC = YES;
				CLANG_WARN_BOOL_CONVERSION = YES;
				CLANG_WARN_CONSTANT_CONVERSION = YES;
				CLANG_WARN_DIRECT_OBJC_ISA_USAGE = YES_ERROR;
				CLANG_WARN_EMPTY_BODY = YES;
				CLANG_WARN_ENUM_CONVERSION = YES;
				CLANG_WARN_INT_CONVERSION = YES;
				CLANG_WARN_OBJC_ROOT_CLASS = YES_ERROR;
				CLANG_WARN_UNREACHABLE_CODE = YES;
				CLANG_WARN__DUPLICATE_METHOD_MATCH = YES;
				"CODE_SIGN_IDENTITY[sdk=iphoneos*]" = "iPhone Developer";
				COPY_PHASE_STRIP = NO;
				DEBUG_INFORMATION_FORMAT = dwarf;
				ENABLE_STRICT_OBJC_MSGSEND = YES;
				ENABLE_TESTABILITY = YES;
				GCC_C_LANGUAGE_STANDARD = gnu99;
				GCC_DYNAMIC_NO_PIC = NO;
				GCC_NO_COMMON_BLOCKS = YES;
				GCC_OPTIMIZATION_LEVEL = 0;
				GCC_PREPROCESSOR_DEFINITIONS = (
					"DEBUG=1",
					"$(inherited)",
				);
				GCC_WARN_64_TO_32_BIT_CONVERSION = YES;
				GCC_WARN_ABOUT_RETURN_TYPE = YES_ERROR;
				GCC_WARN_UNDECLARED_SELECTOR = YES;
				GCC_WARN_UNINITIALIZED_AUTOS = YES_AGGRESSIVE;
				GCC_WARN_UNUSED_FUNCTION = YES;
				GCC_WARN_UNUSED_VARIABLE = YES;
				IPHONEOS_DEPLOYMENT_TARGET = 9.2;
				MTL_ENABLE_DEBUG_INFO = YES;
				ONLY_ACTIVE_ARCH = YES;
				SDKROOT = iphoneos;
				SWIFT_OPTIMIZATION_LEVEL = "-Onone";
				TARGETED_DEVICE_FAMILY = "1,2";
			};
			name = Debug;
		};
		B86167581C8CBE3B00FCFA6A /* Release */ = {
			isa = XCBuildConfiguration;
			buildSettings = {
				ALWAYS_SEARCH_USER_PATHS = NO;
				CLANG_CXX_LANGUAGE_STANDARD = "gnu++0x";
				CLANG_CXX_LIBRARY = "libc++";
				CLANG_ENABLE_MODULES = YES;
				CLANG_ENABLE_OBJC_ARC = YES;
				CLANG_WARN_BOOL_CONVERSION = YES;
				CLANG_WARN_CONSTANT_CONVERSION = YES;
				CLANG_WARN_DIRECT_OBJC_ISA_USAGE = YES_ERROR;
				CLANG_WARN_EMPTY_BODY = YES;
				CLANG_WARN_ENUM_CONVERSION = YES;
				CLANG_WARN_INT_CONVERSION = YES;
				CLANG_WARN_OBJC_ROOT_CLASS = YES_ERROR;
				CLANG_WARN_UNREACHABLE_CODE = YES;
				CLANG_WARN__DUPLICATE_METHOD_MATCH = YES;
				"CODE_SIGN_IDENTITY[sdk=iphoneos*]" = "iPhone Developer";
				COPY_PHASE_STRIP = NO;
				DEBUG_INFORMATION_FORMAT = "dwarf-with-dsym";
				ENABLE_NS_ASSERTIONS = NO;
				ENABLE_STRICT_OBJC_MSGSEND = YES;
				GCC_C_LANGUAGE_STANDARD = gnu99;
				GCC_NO_COMMON_BLOCKS = YES;
				GCC_WARN_64_TO_32_BIT_CONVERSION = YES;
				GCC_WARN_ABOUT_RETURN_TYPE = YES_ERROR;
				GCC_WARN_UNDECLARED_SELECTOR = YES;
				GCC_WARN_UNINITIALIZED_AUTOS = YES_AGGRESSIVE;
				GCC_WARN_UNUSED_FUNCTION = YES;
				GCC_WARN_UNUSED_VARIABLE = YES;
				IPHONEOS_DEPLOYMENT_TARGET = 9.2;
				MTL_ENABLE_DEBUG_INFO = NO;
				SDKROOT = iphoneos;
				TARGETED_DEVICE_FAMILY = "1,2";
				VALIDATE_PRODUCT = YES;
			};
			name = Release;
		};
		B861675A1C8CBE3B00FCFA6A /* Debug */ = {
			isa = XCBuildConfiguration;
			buildSettings = {
				ASSETCATALOG_COMPILER_APPICON_NAME = AppIcon;
				CLANG_ENABLE_MODULES = YES;
				INFOPLIST_FILE = MusicVideo/Info.plist;
				LD_RUNPATH_SEARCH_PATHS = "$(inherited) @executable_path/Frameworks";
				PRODUCT_BUNDLE_IDENTIFIER = mp.co.mpiquero.MusicVideo;
				PRODUCT_NAME = "$(TARGET_NAME)";
				SWIFT_OBJC_BRIDGING_HEADER = "MusicVideo/MusicVideo-Bridging-Header.h";
				SWIFT_OPTIMIZATION_LEVEL = "-Onone";
			};
			name = Debug;
		};
		B861675B1C8CBE3B00FCFA6A /* Release */ = {
			isa = XCBuildConfiguration;
			buildSettings = {
				ASSETCATALOG_COMPILER_APPICON_NAME = AppIcon;
				CLANG_ENABLE_MODULES = YES;
				INFOPLIST_FILE = MusicVideo/Info.plist;
				LD_RUNPATH_SEARCH_PATHS = "$(inherited) @executable_path/Frameworks";
				PRODUCT_BUNDLE_IDENTIFIER = mp.co.mpiquero.MusicVideo;
				PRODUCT_NAME = "$(TARGET_NAME)";
				SWIFT_OBJC_BRIDGING_HEADER = "MusicVideo/MusicVideo-Bridging-Header.h";
			};
			name = Release;
		};
		B861675D1C8CBE3B00FCFA6A /* Debug */ = {
			isa = XCBuildConfiguration;
			buildSettings = {
				BUNDLE_LOADER = "$(TEST_HOST)";
				INFOPLIST_FILE = MusicVideoTests/Info.plist;
				LD_RUNPATH_SEARCH_PATHS = "$(inherited) @executable_path/Frameworks @loader_path/Frameworks";
				PRODUCT_BUNDLE_IDENTIFIER = mp.co.mpiquero.MusicVideoTests;
				PRODUCT_NAME = "$(TARGET_NAME)";
				TEST_HOST = "$(BUILT_PRODUCTS_DIR)/MusicVideo.app/MusicVideo";
			};
			name = Debug;
		};
		B861675E1C8CBE3B00FCFA6A /* Release */ = {
			isa = XCBuildConfiguration;
			buildSettings = {
				BUNDLE_LOADER = "$(TEST_HOST)";
				INFOPLIST_FILE = MusicVideoTests/Info.plist;
				LD_RUNPATH_SEARCH_PATHS = "$(inherited) @executable_path/Frameworks @loader_path/Frameworks";
				PRODUCT_BUNDLE_IDENTIFIER = mp.co.mpiquero.MusicVideoTests;
				PRODUCT_NAME = "$(TARGET_NAME)";
				TEST_HOST = "$(BUILT_PRODUCTS_DIR)/MusicVideo.app/MusicVideo";
			};
			name = Release;
		};
		B86167601C8CBE3B00FCFA6A /* Debug */ = {
			isa = XCBuildConfiguration;
			buildSettings = {
				INFOPLIST_FILE = MusicVideoUITests/Info.plist;
				LD_RUNPATH_SEARCH_PATHS = "$(inherited) @executable_path/Frameworks @loader_path/Frameworks";
				PRODUCT_BUNDLE_IDENTIFIER = mp.co.mpiquero.MusicVideoUITests;
				PRODUCT_NAME = "$(TARGET_NAME)";
				TEST_TARGET_NAME = MusicVideo;
				USES_XCTRUNNER = YES;
			};
			name = Debug;
		};
		B86167611C8CBE3B00FCFA6A /* Release */ = {
			isa = XCBuildConfiguration;
			buildSettings = {
				INFOPLIST_FILE = MusicVideoUITests/Info.plist;
				LD_RUNPATH_SEARCH_PATHS = "$(inherited) @executable_path/Frameworks @loader_path/Frameworks";
				PRODUCT_BUNDLE_IDENTIFIER = mp.co.mpiquero.MusicVideoUITests;
				PRODUCT_NAME = "$(TARGET_NAME)";
				TEST_TARGET_NAME = MusicVideo;
				USES_XCTRUNNER = YES;
			};
			name = Release;
		};
/* End XCBuildConfiguration section */

/* Begin XCConfigurationList section */
		B861672C1C8CBE3B00FCFA6A /* Build configuration list for PBXProject "MusicVideo" */ = {
			isa = XCConfigurationList;
			buildConfigurations = (
				B86167571C8CBE3B00FCFA6A /* Debug */,
				B86167581C8CBE3B00FCFA6A /* Release */,
			);
			defaultConfigurationIsVisible = 0;
			defaultConfigurationName = Release;
		};
		B86167591C8CBE3B00FCFA6A /* Build configuration list for PBXNativeTarget "MusicVideo" */ = {
			isa = XCConfigurationList;
			buildConfigurations = (
				B861675A1C8CBE3B00FCFA6A /* Debug */,
				B861675B1C8CBE3B00FCFA6A /* Release */,
			);
			defaultConfigurationIsVisible = 0;
			defaultConfigurationName = Release;
		};
		B861675C1C8CBE3B00FCFA6A /* Build configuration list for PBXNativeTarget "MusicVideoTests" */ = {
			isa = XCConfigurationList;
			buildConfigurations = (
				B861675D1C8CBE3B00FCFA6A /* Debug */,
				B861675E1C8CBE3B00FCFA6A /* Release */,
			);
			defaultConfigurationIsVisible = 0;
			defaultConfigurationName = Release;
		};
		B861675F1C8CBE3B00FCFA6A /* Build configuration list for PBXNativeTarget "MusicVideoUITests" */ = {
			isa = XCConfigurationList;
			buildConfigurations = (
				B86167601C8CBE3B00FCFA6A /* Debug */,
				B86167611C8CBE3B00FCFA6A /* Release */,
			);
			defaultConfigurationIsVisible = 0;
			defaultConfigurationName = Release;
		};
/* End XCConfigurationList section */
	};
	rootObject = B86167291C8CBE3B00FCFA6A /* Project object */;
}
